schema: '2.0'
stages:
  fetch_drive_data:
    cmd: dvc pull -r drive
  generate_data:
    cmd: python generate_data.py
    deps:
    - path: generate_data.py
      hash: md5
      md5: 7b4a0d6d1bb2638c8e7e3172e64a8c46
      size: 2631
  upload_drive_data:
    cmd: dvc push -r drive
    deps:
    - path: data/dummy_sensor_data.csv
      hash: md5
      md5: 3ab5040023f585636fc3736b21c10f9d
      size: 211702
